
Microsoft Visual Studio Solution File, Format Version 12.00
# Visual Studio Version 17
VisualStudioVersion = 17.1.32319.34
MinimumVisualStudioVersion = 10.0.40219.1
Project("{FAE04EC0-301F-11D3-BF4B-00C04F79EFBC}") = "pipeline", "pipeline\pipeline.csproj", "{930B314D-0D9C-487C-95A8-828D5976E39C}"
EndProject
Global
	GlobalSection(SolutionConfigurationPlatforms) = preSolution
		Debug|Any CPU = Debug|Any CPU
		Release|Any CPU = Release|Any CPU
	EndGlobalSection
	GlobalSection(ProjectConfigurationPlatforms) = postSolution
		{930B314D-0D9C-487C-95A8-828D5976E39C}.Debug|Any CPU.ActiveCfg = Debug|Any CPU
		{930B314D-0D9C-487C-95A8-828D5976E39C}.Debug|Any CPU.Build.0 = Debug|Any CPU
		{930B314D-0D9C-487C-95A8-828D5976E39C}.Release|Any CPU.ActiveCfg = Release|Any CPU
		{930B314D-0D9C-487C-95A8-828D5976E39C}.Release|Any CPU.Build.0 = Release|Any CPU
	EndGlobalSection
	GlobalSection(SolutionProperties) = preSolution
		HideSolutionNode = FALSE
	EndGlobalSection
	GlobalSection(ExtensibilityGlobals) = postSolution
		SolutionGuid = {22FB2774-4F93-4AE0-8027-130B30B1F688}
	EndGlobalSection
EndGlobal
